
Microsoft Visual Studio Solution File, Format Version 12.00
# Visual Studio Version 17
VisualStudioVersion = 17.6.33815.320
MinimumVisualStudioVersion = 10.0.40219.1
Project("{9A19103F-16F7-4668-BE54-9A1E7A4F7556}") = "OnlineVaccineMgmtAPI", "OnlineVaccineMgmtAPI\OnlineVaccineMgmtAPI.csproj", "{0061E566-B08C-4336-99E6-19F10EB1BC9F}"
EndProject
Project("{FAE04EC0-301F-11D3-BF4B-00C04F79EFBC}") = "OnlineVaccineMVC", "OnlineVaccineMVC\OnlineVaccineMVC.csproj", "{5F540D38-992D-4408-B734-CA076DFE159E}"
EndProject
Global
	GlobalSection(SolutionConfigurationPlatforms) = preSolution
		Debug|Any CPU = Debug|Any CPU
		Release|Any CPU = Release|Any CPU
	EndGlobalSection
	GlobalSection(ProjectConfigurationPlatforms) = postSolution
		{0061E566-B08C-4336-99E6-19F10EB1BC9F}.Debug|Any CPU.ActiveCfg = Debug|Any CPU
		{0061E566-B08C-4336-99E6-19F10EB1BC9F}.Debug|Any CPU.Build.0 = Debug|Any CPU
		{0061E566-B08C-4336-99E6-19F10EB1BC9F}.Release|Any CPU.ActiveCfg = Release|Any CPU
		{0061E566-B08C-4336-99E6-19F10EB1BC9F}.Release|Any CPU.Build.0 = Release|Any CPU
		{5F540D38-992D-4408-B734-CA076DFE159E}.Debug|Any CPU.ActiveCfg = Debug|Any CPU
		{5F540D38-992D-4408-B734-CA076DFE159E}.Debug|Any CPU.Build.0 = Debug|Any CPU
		{5F540D38-992D-4408-B734-CA076DFE159E}.Release|Any CPU.ActiveCfg = Release|Any CPU
		{5F540D38-992D-4408-B734-CA076DFE159E}.Release|Any CPU.Build.0 = Release|Any CPU
	EndGlobalSection
	GlobalSection(SolutionProperties) = preSolution
		HideSolutionNode = FALSE
	EndGlobalSection
	GlobalSection(ExtensibilityGlobals) = postSolution
		SolutionGuid = {B52F7209-6245-412C-9DF2-4D482F662681}
	EndGlobalSection
EndGlobal
